
Microsoft Visual Studio Solution File, Format Version 12.00
Project("{2150E333-8FDC-42A3-9474-1A3956D46DE8}") = "src", "src", "{93510990-E949-4953-859B-B13541BDD2AA}"
EndProject
Project("{FAE04EC0-301F-11D3-BF4B-00C04F79EFBC}") = "Figures.Core", "Figures.Core\Figures.Core.csproj", "{7B3E451E-B6AB-4E0E-B9B0-A63A9E07712D}"
EndProject
Project("{FAE04EC0-301F-11D3-BF4B-00C04F79EFBC}") = "Figures.Example", "Figures.Example\Figures.Example.csproj", "{B2A87C7A-0BC4-4C44-B7DA-A6276B53D148}"
EndProject
Project("{2150E333-8FDC-42A3-9474-1A3956D46DE8}") = "Tests", "Tests", "{F24B4068-E365-4A88-A510-891E9850B1AD}"
EndProject
Project("{FAE04EC0-301F-11D3-BF4B-00C04F79EFBC}") = "Figures.Tests", "Figures.Tests\Figures.Tests.csproj", "{1A546FA1-7950-4C87-8910-16F74D4D77C6}"
EndProject
Global
	GlobalSection(SolutionConfigurationPlatforms) = preSolution
		Debug|Any CPU = Debug|Any CPU
		Release|Any CPU = Release|Any CPU
	EndGlobalSection
	GlobalSection(NestedProjects) = preSolution
		{7B3E451E-B6AB-4E0E-B9B0-A63A9E07712D} = {93510990-E949-4953-859B-B13541BDD2AA}
		{B2A87C7A-0BC4-4C44-B7DA-A6276B53D148} = {93510990-E949-4953-859B-B13541BDD2AA}
		{1A546FA1-7950-4C87-8910-16F74D4D77C6} = {F24B4068-E365-4A88-A510-891E9850B1AD}
	EndGlobalSection
	GlobalSection(ProjectConfigurationPlatforms) = postSolution
		{7B3E451E-B6AB-4E0E-B9B0-A63A9E07712D}.Debug|Any CPU.ActiveCfg = Debug|Any CPU
		{7B3E451E-B6AB-4E0E-B9B0-A63A9E07712D}.Debug|Any CPU.Build.0 = Debug|Any CPU
		{7B3E451E-B6AB-4E0E-B9B0-A63A9E07712D}.Release|Any CPU.ActiveCfg = Release|Any CPU
		{7B3E451E-B6AB-4E0E-B9B0-A63A9E07712D}.Release|Any CPU.Build.0 = Release|Any CPU
		{B2A87C7A-0BC4-4C44-B7DA-A6276B53D148}.Debug|Any CPU.ActiveCfg = Debug|Any CPU
		{B2A87C7A-0BC4-4C44-B7DA-A6276B53D148}.Debug|Any CPU.Build.0 = Debug|Any CPU
		{B2A87C7A-0BC4-4C44-B7DA-A6276B53D148}.Release|Any CPU.ActiveCfg = Release|Any CPU
		{B2A87C7A-0BC4-4C44-B7DA-A6276B53D148}.Release|Any CPU.Build.0 = Release|Any CPU
		{1A546FA1-7950-4C87-8910-16F74D4D77C6}.Debug|Any CPU.ActiveCfg = Debug|Any CPU
		{1A546FA1-7950-4C87-8910-16F74D4D77C6}.Debug|Any CPU.Build.0 = Debug|Any CPU
		{1A546FA1-7950-4C87-8910-16F74D4D77C6}.Release|Any CPU.ActiveCfg = Release|Any CPU
		{1A546FA1-7950-4C87-8910-16F74D4D77C6}.Release|Any CPU.Build.0 = Release|Any CPU
	EndGlobalSection
EndGlobal
